
Microsoft Visual Studio Solution File, Format Version 12.00
# Visual Studio Version 17
VisualStudioVersion = 17.14.36429.23
MinimumVisualStudioVersion = 10.0.40219.1
Project("{FAE04EC0-301F-11D3-BF4B-00C04F79EFBC}") = "BookstoreApplication", "BookstoreApplication\BookstoreApplication.csproj", "{F6D32B0E-0022-4967-9644-F5E6F428BA14}"
EndProject
Project("{FAE04EC0-301F-11D3-BF4B-00C04F79EFBC}") = "Bookstore.Domain", "Bookstore.Domain\Bookstore.Domain.csproj", "{B754CB72-D7F7-47E9-BEF8-23A260E4D95A}"
EndProject
Project("{FAE04EC0-301F-11D3-BF4B-00C04F79EFBC}") = "Bookstore.Application", "Bookstore.application\Bookstore.Application.csproj", "{5776AED5-5F1E-4142-95FE-B036641FB8C1}"
EndProject
Project("{FAE04EC0-301F-11D3-BF4B-00C04F79EFBC}") = "Bookstore.Infraestructure", "Bookstore.Infraestructure\Bookstore.Infraestructure.csproj", "{1C2A7E9A-3FF0-415E-998F-5AFA458CCA9C}"
EndProject
Global
	GlobalSection(SolutionConfigurationPlatforms) = preSolution
		Debug|Any CPU = Debug|Any CPU
		Release|Any CPU = Release|Any CPU
	EndGlobalSection
	GlobalSection(ProjectConfigurationPlatforms) = postSolution
		{F6D32B0E-0022-4967-9644-F5E6F428BA14}.Debug|Any CPU.ActiveCfg = Debug|Any CPU
		{F6D32B0E-0022-4967-9644-F5E6F428BA14}.Debug|Any CPU.Build.0 = Debug|Any CPU
		{F6D32B0E-0022-4967-9644-F5E6F428BA14}.Release|Any CPU.ActiveCfg = Release|Any CPU
		{F6D32B0E-0022-4967-9644-F5E6F428BA14}.Release|Any CPU.Build.0 = Release|Any CPU
		{B754CB72-D7F7-47E9-BEF8-23A260E4D95A}.Debug|Any CPU.ActiveCfg = Debug|Any CPU
		{B754CB72-D7F7-47E9-BEF8-23A260E4D95A}.Debug|Any CPU.Build.0 = Debug|Any CPU
		{B754CB72-D7F7-47E9-BEF8-23A260E4D95A}.Release|Any CPU.ActiveCfg = Release|Any CPU
		{B754CB72-D7F7-47E9-BEF8-23A260E4D95A}.Release|Any CPU.Build.0 = Release|Any CPU
		{5776AED5-5F1E-4142-95FE-B036641FB8C1}.Debug|Any CPU.ActiveCfg = Debug|Any CPU
		{5776AED5-5F1E-4142-95FE-B036641FB8C1}.Debug|Any CPU.Build.0 = Debug|Any CPU
		{5776AED5-5F1E-4142-95FE-B036641FB8C1}.Release|Any CPU.ActiveCfg = Release|Any CPU
		{5776AED5-5F1E-4142-95FE-B036641FB8C1}.Release|Any CPU.Build.0 = Release|Any CPU
		{1C2A7E9A-3FF0-415E-998F-5AFA458CCA9C}.Debug|Any CPU.ActiveCfg = Debug|Any CPU
		{1C2A7E9A-3FF0-415E-998F-5AFA458CCA9C}.Debug|Any CPU.Build.0 = Debug|Any CPU
		{1C2A7E9A-3FF0-415E-998F-5AFA458CCA9C}.Release|Any CPU.ActiveCfg = Release|Any CPU
		{1C2A7E9A-3FF0-415E-998F-5AFA458CCA9C}.Release|Any CPU.Build.0 = Release|Any CPU
	EndGlobalSection
	GlobalSection(SolutionProperties) = preSolution
		HideSolutionNode = FALSE
	EndGlobalSection
	GlobalSection(ExtensibilityGlobals) = postSolution
		SolutionGuid = {2EC3F052-5C89-466A-BBD4-F3D415CFE4D3}
	EndGlobalSection
EndGlobal
